{
  "lib/evm-m-extensions": {
    "rev": "a770965db5a4623404639fce435721b839674714"
  },
  "lib/forge-std": {
    "rev": "8bbcf6e3f8f62f419e5429a0bd89331c85c37824"
  },
  "lib/morpho-blue": {
    "tag": {
      "name": "v1.0.0",
      "rev": "55d2d99304fb3fb930c688462ae2ccabb1d533ad"
    }
  },
  "lib/openzeppelin-contracts": {
    "rev": "c64a1edb67b6e3f4a15cca8909c9482ad33a02b0"
  },
  "lib/v3-core": {
    "branch": {
      "name": "0.8",
      "rev": "6562c52e8f75f0c10f9deaf44861847585fc8129"
    }
  },
  "lib/v3-periphery": {
    "branch": {
      "name": "0.8",
      "rev": "b325bb0905d922ae61fcc7df85ee802e8df5e96c"
    }
  }
}